
Microsoft Visual Studio Solution File, Format Version 12.00
# Visual Studio 15
VisualStudioVersion = 15.0.28307.1000
MinimumVisualStudioVersion = 10.0.40219.1
Project("{FAE04EC0-301F-11D3-BF4B-00C04F79EFBC}") = "Pneumonia", "Pneumonia\Pneumonia.csproj", "{2FC6297C-B5B1-4027-B53C-7DBED3C790A6}"
EndProject
Global
	GlobalSection(SolutionConfigurationPlatforms) = preSolution
		Debug|Any CPU = Debug|Any CPU
		Release|Any CPU = Release|Any CPU
	EndGlobalSection
	GlobalSection(ProjectConfigurationPlatforms) = postSolution
		{2FC6297C-B5B1-4027-B53C-7DBED3C790A6}.Debug|Any CPU.ActiveCfg = Debug|Any CPU
		{2FC6297C-B5B1-4027-B53C-7DBED3C790A6}.Debug|Any CPU.Build.0 = Debug|Any CPU
		{2FC6297C-B5B1-4027-B53C-7DBED3C790A6}.Release|Any CPU.ActiveCfg = Release|Any CPU
		{2FC6297C-B5B1-4027-B53C-7DBED3C790A6}.Release|Any CPU.Build.0 = Release|Any CPU
	EndGlobalSection
	GlobalSection(SolutionProperties) = preSolution
		HideSolutionNode = FALSE
	EndGlobalSection
	GlobalSection(ExtensibilityGlobals) = postSolution
		SolutionGuid = {1230A93C-541C-4597-835B-CF9E9F0B0909}
	EndGlobalSection
EndGlobal
